
Microsoft Visual Studio Solution File, Format Version 12.00
# Visual Studio Version 16
VisualStudioVersion = 16.0.30621.155
MinimumVisualStudioVersion = 10.0.40219.1
Project("{FAE04EC0-301F-11D3-BF4B-00C04F79EFBC}") = "Personenverwaltung_JaninaKruppke", "Personenverwaltung_JaninaKruppke\Personenverwaltung_JaninaKruppke.csproj", "{23094851-6332-487B-A3A5-A54B7EC6020B}"
EndProject
Global
	GlobalSection(SolutionConfigurationPlatforms) = preSolution
		Debug|Any CPU = Debug|Any CPU
		Release|Any CPU = Release|Any CPU
	EndGlobalSection
	GlobalSection(ProjectConfigurationPlatforms) = postSolution
		{23094851-6332-487B-A3A5-A54B7EC6020B}.Debug|Any CPU.ActiveCfg = Debug|Any CPU
		{23094851-6332-487B-A3A5-A54B7EC6020B}.Debug|Any CPU.Build.0 = Debug|Any CPU
		{23094851-6332-487B-A3A5-A54B7EC6020B}.Release|Any CPU.ActiveCfg = Release|Any CPU
		{23094851-6332-487B-A3A5-A54B7EC6020B}.Release|Any CPU.Build.0 = Release|Any CPU
	EndGlobalSection
	GlobalSection(SolutionProperties) = preSolution
		HideSolutionNode = FALSE
	EndGlobalSection
	GlobalSection(ExtensibilityGlobals) = postSolution
		SolutionGuid = {D0F2E495-9E55-4FDB-9774-0A5BA3AB7860}
	EndGlobalSection
EndGlobal
